
Microsoft Visual Studio Solution File, Format Version 12.00
# Visual Studio Version 16
VisualStudioVersion = 16.0.31624.102
MinimumVisualStudioVersion = 10.0.40219.1
Project("{FAE04EC0-301F-11D3-BF4B-00C04F79EFBC}") = "ProgramFromKPPageSortingAlgorithms", "ProgramFromKPPageSortingAlgorithms\ProgramFromKPPageSortingAlgorithms.csproj", "{9922B76C-C5B9-4CBA-B847-7D16C0274624}"
EndProject
Project("{54435603-DBB4-11D2-8724-00A0C9A8B90C}") = "ProgramKPPagesSorting", "ProgramKPPagesSorting\ProgramKPPagesSorting.vdproj", "{8075FA1C-2828-4BF2-B72F-139382427FE2}"
EndProject
Global
	GlobalSection(SolutionConfigurationPlatforms) = preSolution
		Debug|Any CPU = Debug|Any CPU
		Release|Any CPU = Release|Any CPU
	EndGlobalSection
	GlobalSection(ProjectConfigurationPlatforms) = postSolution
		{9922B76C-C5B9-4CBA-B847-7D16C0274624}.Debug|Any CPU.ActiveCfg = Debug|Any CPU
		{9922B76C-C5B9-4CBA-B847-7D16C0274624}.Debug|Any CPU.Build.0 = Debug|Any CPU
		{9922B76C-C5B9-4CBA-B847-7D16C0274624}.Release|Any CPU.ActiveCfg = Release|Any CPU
		{9922B76C-C5B9-4CBA-B847-7D16C0274624}.Release|Any CPU.Build.0 = Release|Any CPU
		{8075FA1C-2828-4BF2-B72F-139382427FE2}.Debug|Any CPU.ActiveCfg = Debug
		{8075FA1C-2828-4BF2-B72F-139382427FE2}.Release|Any CPU.ActiveCfg = Release
	EndGlobalSection
	GlobalSection(SolutionProperties) = preSolution
		HideSolutionNode = FALSE
	EndGlobalSection
	GlobalSection(ExtensibilityGlobals) = postSolution
		SolutionGuid = {1996EAED-6C20-4F4E-8A4F-FB0A86E30D50}
	EndGlobalSection
EndGlobal
